{
    "_readme": [
        "This file locks the dependencies of your project to a known state",
        "Read more about it at http://getcomposer.org/doc/01-basic-usage.md#composer-lock-the-lock-file",
        "This file is @generated automatically"
    ],
    "hash": "e9afa2c2f69abcc96678bcb6762b9ab7",
    "packages": [
        {
            "name": "cartalyst/alerts",
            "version": "v2.0.0",
            "source": {
                "type": "git",
                "url": "https://github.com/cartalyst/alerts.git",
                "reference": "6787a00de6334600c3d230940e3e5d4b3c0f2bb8"
            },
            "dist": {
                "type": "zip",
                "url": "https://api.github.com/repos/cartalyst/alerts/zipball/6787a00de6334600c3d230940e3e5d4b3c0f2bb8",
                "reference": "6787a00de6334600c3d230940e3e5d4b3c0f2bb8",
                "shasum": ""
            },
            "require": {
                "illuminate/support": "~5.0",
                "php": ">=5.4.0"
            },
            "require-dev": {
                "mockery/mockery": "~0.9",
                "phpunit/phpunit": "~4.0"
            },
            "suggest": {
                "illuminate/filesystem": "Required to send flash messages across requests. (~4.1)",
                "illuminate/session": "Required to send flash messages across requests. (~4.1)"
            },
            "type": "library",
            "extra": {
                "component": "package",
                "branch-alias": {
                    "dev-master": "2.0.x-dev"
                }
            },
            "autoload": {
                "psr-4": {
                    "Cartalyst\\Alerts\\": "src/"
                }
            },
            "notification-url": "https://packagist.org/downloads/",
            "license": [
                "BSD-3-Clause"
            ],
            "authors": [
                {
                    "name": "Cartalyst LLC",
                    "email": "help@cartalyst.com"
                },
                {
                    "name": "Bruno Gaspar",
                    "email": "bruno.gaspar@cartalyst.com",
                    "role": "Developer"
                },
                {
                    "name": "Dan Syme",
                    "email": "dan.syme@cartalyst.com",
                    "role": "Project Lead"
                },
                {
                    "name": "Suhayb Wardany",
                    "email": "su.wardany@cartalyst.com",
                    "role": "Developer"
                }
            ],
            "description": "Alerts allows you to easily pass alert messages to your views.",
            "keywords": [
                "alerts",
                "cartalyst",
                "flash",
                "laravel",
                "messages",
                "php"
            ],
            "time": "2015-02-17 21:25:57"
        },
        {
            "name": "cartalyst/sentry",
            "version": "v2.1.5",
            "source": {
                "type": "git",
                "url": "https://github.com/cartalyst/sentry.git",
                "reference": "0ae4158353e41cc4061631c86c1cddd67c1f23be"
            },
            "dist": {
                "type": "zip",
                "url": "https://api.github.com/repos/cartalyst/sentry/zipball/0ae4158353e41cc4061631c86c1cddd67c1f23be",
                "reference": "0ae4158353e41cc4061631c86c1cddd67c1f23be",
                "shasum": ""
            },
            "require": {
                "php": ">=5.3.3"
            },
            "require-dev": {
                "illuminate/cookie": ">=4.0.9,<4.2",
                "illuminate/database": ">=4.0.9,<4.2",
                "illuminate/http": ">=4.0.9,<4.2",
                "illuminate/session": ">=4.0.9,<4.2",
                "ircmaxell/password-compat": "1.0.*",
                "mockery/mockery": "0.9.*"
            },
            "suggest": {
                "happydemon/txt": "Required Text helpers when using the Kohana implementation",
                "illuminate/database": "Default sentry user, group and throttling implementations.",
                "ircmaxell/password-compat": "Default hashing uses PHP 5.5 password_* functions, with forward-compatible support."
            },
            "type": "library",
            "extra": {
                "component": "package",
                "frameworks": [
                    "Laravel 3",
                    "Laravel 4",
                    "CodeIgniter 3",
                    "FuelPHP 1",
                    "Kohana"
                ],
                "versions": {
                    "1": "1.1/master",
                    "2": "master"
                },
                "branch-alias": {
                    "dev-master": "2.0-dev"
                }
            },
            "autoload": {
                "classmap": [
                    "src/Cartalyst/Sentry/Groups/Exceptions.php",
                    "src/Cartalyst/Sentry/Throttling/Exceptions.php",
                    "src/Cartalyst/Sentry/Users/Exceptions.php",
                    "src/migrations"
                ],
                "psr-0": {
                    "Cartalyst\\Sentry": "src/"
                }
            },
            "notification-url": "https://packagist.org/downloads/",
            "license": [
                "BSD-3-Clause"
            ],
            "authors": [
                {
                    "name": "Ben Corlett",
                    "email": "ben.corlett@cartalyst.com",
                    "role": "Developer"
                },
                {
                    "name": "Cartalyst LLC",
                    "email": "help@cartalyst.com"
                },
                {
                    "name": "Bruno Gaspar",
                    "email": "bruno.gaspar@cartalyst.com",
                    "role": "Developer"
                },
                {
                    "name": "Dan Syme",
                    "email": "dan.syme@cartalyst.com",
                    "role": "Creator & Designer"
                },
                {
                    "name": "Daniel Petrie",
                    "email": "dan.petrie@cartalyst.com",
                    "role": "Developer"
                }
            ],
            "description": "PHP 5.3+ Fully-featured Authentication & Authorization System",
            "keywords": [
                "auth",
                "codeigniter",
                "fuelphp",
                "kohana",
                "laravel",
                "security"
            ],
            "time": "2015-03-06 03:17:20"
        },
        {
            "name": "cartalyst/tags",
            "version": "v1.0.2",
            "source": {
                "type": "git",
                "url": "https://github.com/cartalyst/tags.git",
                "reference": "19010b6325d2daaee37549f1fbf412a3fec02032"
            },
            "dist": {
                "type": "zip",
                "url": "https://api.github.com/repos/cartalyst/tags/zipball/19010b6325d2daaee37549f1fbf412a3fec02032",
                "reference": "19010b6325d2daaee37549f1fbf412a3fec02032",
                "shasum": ""
            },
            "require": {
                "illuminate/database": "~4.2|~5.0",
                "php": ">=5.4.0"
            },
            "require-dev": {
                "mockery/mockery": "~0.9",
                "patchwork/utf8": "~1.1",
                "phpunit/phpunit": "~4.0"
            },
            "type": "library",
            "extra": {
                "component": "package",
                "branch-alias": {
                    "dev-master": "1.0.x-dev"
                }
            },
            "autoload": {
                "classmap": [
                    "src/migrations"
                ],
                "psr-4": {
                    "Cartalyst\\Tags\\": "src/"
                }
            },
            "notification-url": "https://packagist.org/downloads/",
            "license": [
                "BSD-3-Clause"
            ],
            "authors": [
                {
                    "name": "Cartalyst LLC",
                    "email": "help@cartalyst.com"
                },
                {
                    "name": "Bruno Gaspar",
                    "email": "bruno.gaspar@cartalyst.com",
                    "role": "Developer"
                },
                {
                    "name": "Dan Syme",
                    "email": "dan.syme@cartalyst.com",
                    "role": "Project Lead"
                },
                {
                    "name": "Suhayb Wardany",
                    "email": "su.wardany@cartalyst.com",
                    "role": "Developer"
                }
            ],
            "description": "Easily add tags to your Eloquent models.",
            "keywords": [
                "cartalyst",
                "laravel",
                "php",
                "tags"
            ],
            "time": "2015-02-15 14:11:30"
        },
        {
            "name": "danielstjules/stringy",
            "version": "1.9.0",
            "source": {
                "type": "git",
                "url": "https://github.com/danielstjules/Stringy.git",
                "reference": "3cf18e9e424a6dedc38b7eb7ef580edb0929461b"
            },
            "dist": {
                "type": "zip",
                "url": "https://api.github.com/repos/danielstjules/Stringy/zipball/3cf18e9e424a6dedc38b7eb7ef580edb0929461b",
                "reference": "3cf18e9e424a6dedc38b7eb7ef580edb0929461b",
                "shasum": ""
            },
            "require": {
                "ext-mbstring": "*",
                "php": ">=5.3.0"
            },
            "require-dev": {
                "phpunit/phpunit": "~4.0"
            },
            "type": "library",
            "autoload": {
                "psr-4": {
                    "Stringy\\": "src/"
                },
                "files": [
                    "src/Create.php"
                ]
            },
            "notification-url": "https://packagist.org/downloads/",
            "license": [
                "MIT"
            ],
            "authors": [
                {
                    "name": "Daniel St. Jules",
                    "email": "danielst.jules@gmail.com",
                    "homepage": "http://www.danielstjules.com"
                }
            ],
            "description": "A string manipulation library with multibyte support",
            "homepage": "https://github.com/danielstjules/Stringy",
            "keywords": [
                "UTF",
                "helpers",
                "manipulation",
                "methods",
                "multibyte",
                "string",
                "utf-8",
                "utility",
                "utils"
            ],
            "time": "2015-02-10 06:19:18"
        },
        {
            "name": "doctrine/inflector",
            "version": "v1.0.1",
            "source": {
                "type": "git",
                "url": "https://github.com/doctrine/inflector.git",
                "reference": "0bcb2e79d8571787f18b7eb036ed3d004908e604"
            },
            "dist": {
                "type": "zip",
                "url": "https://api.github.com/repos/doctrine/inflector/zipball/0bcb2e79d8571787f18b7eb036ed3d004908e604",
                "reference": "0bcb2e79d8571787f18b7eb036ed3d004908e604",
                "shasum": ""
            },
            "require": {
                "php": ">=5.3.2"
            },
            "require-dev": {
                "phpunit/phpunit": "4.*"
            },
            "type": "library",
            "extra": {
                "branch-alias": {
                    "dev-master": "1.0.x-dev"
                }
            },
            "autoload": {
                "psr-0": {
                    "Doctrine\\Common\\Inflector\\": "lib/"
                }
            },
            "notification-url": "https://packagist.org/downloads/",
            "license": [
                "MIT"
            ],
            "authors": [
                {
                    "name": "Roman Borschel",
                    "email": "roman@code-factory.org"
                },
                {
                    "name": "Benjamin Eberlei",
                    "email": "kontakt@beberlei.de"
                },
                {
                    "name": "Guilherme Blanco",
                    "email": "guilhermeblanco@gmail.com"
                },
                {
                    "name": "Jonathan Wage",
                    "email": "jonwage@gmail.com"
                },
                {
                    "name": "Johannes Schmitt",
                    "email": "schmittjoh@gmail.com"
                }
            ],
            "description": "Common String Manipulations with regard to casing and singular/plural rules.",
            "homepage": "http://www.doctrine-project.org",
            "keywords": [
                "inflection",
                "pluralize",
                "singularize",
                "string"
            ],
            "time": "2014-12-20 21:24:13"
        },
        {
            "name": "graham-campbell/manager",
            "version": "v2.0.0",
            "source": {
                "type": "git",
                "url": "https://github.com/GrahamCampbell/Laravel-Manager.git",
                "reference": "17c2e2f3282bd795c136487928edb79dc8335a33"
            },
            "dist": {
                "type": "zip",
                "url": "https://api.github.com/repos/GrahamCampbell/Laravel-Manager/zipball/17c2e2f3282bd795c136487928edb79dc8335a33",
                "reference": "17c2e2f3282bd795c136487928edb79dc8335a33",
                "shasum": ""
            },
            "require": {
                "illuminate/contracts": "5.0.*",
                "illuminate/support": "5.0.*",
                "php": ">=5.4.7"
            },
            "require-dev": {
                "graham-campbell/testbench": "~2.0"
            },
            "type": "library",
            "extra": {
                "branch-alias": {
                    "dev-master": "2.0-dev"
                }
            },
            "autoload": {
                "psr-4": {
                    "GrahamCampbell\\Manager\\": "src/"
                }
            },
            "notification-url": "https://packagist.org/downloads/",
            "license": [
                "MIT"
            ],
            "authors": [
                {
                    "name": "Graham Campbell",
                    "email": "graham@mineuk.com"
                }
            ],
            "description": "Manager Provides Some Manager Functionality For Laravel 5",
            "keywords": [
                "Graham Campbell",
                "GrahamCampbell",
                "Laravel Manager",
                "Laravel-Manager",
                "connector",
                "framework",
                "interface",
                "laravel",
                "manager"
            ],
            "time": "2015-02-05 20:11:50"
        },
        {
            "name": "hashids/hashids",
            "version": "1.0.5",
            "source": {
                "type": "git",
                "url": "https://github.com/ivanakimov/hashids.php.git",
                "reference": "991a88b01b01b053fbd39a56780a66e572f1dc1a"
            },
            "dist": {
                "type": "zip",
                "url": "https://api.github.com/repos/ivanakimov/hashids.php/zipball/991a88b01b01b053fbd39a56780a66e572f1dc1a",
                "reference": "991a88b01b01b053fbd39a56780a66e572f1dc1a",
                "shasum": ""
            },
            "require": {
                "php": ">=5.3.0"
            },
            "require-dev": {
                "phpunit/phpunit": "3.7.*"
            },
            "type": "library",
            "extra": {
                "branch-alias": {
                    "dev-master": "1.0-dev"
                }
            },
            "autoload": {
                "psr-0": {
                    "Hashids": "lib/"
                }
            },
            "notification-url": "https://packagist.org/downloads/",
            "license": [
                "MIT"
            ],
            "authors": [
                {
                    "name": "Ivan Akimov",
                    "email": "ivan@barreleye.com",
                    "homepage": "https://twitter.com/IvanAkimov"
                }
            ],
            "description": "Generate hashids like YouTube or Bitly from numbers to obfuscate your database primary ids, or navigate to the right shard.",
            "homepage": "http://hashids.org/php",
            "keywords": [
                "bitly",
                "decrypt",
                "encrypt",
                "hash",
                "hashid",
                "hashids",
                "ids",
                "obfuscate",
                "youtube"
            ],
            "time": "2015-01-21 00:49:41"
        },
        {
            "name": "illuminate/container",
            "version": "v5.0.28",
            "source": {
                "type": "git",
                "url": "https://github.com/illuminate/container.git",
                "reference": "a11c01c1d8b6941bd7ef2f104749ada5e34f146e"
            },
            "dist": {
                "type": "zip",
                "url": "https://api.github.com/repos/illuminate/container/zipball/a11c01c1d8b6941bd7ef2f104749ada5e34f146e",
                "reference": "a11c01c1d8b6941bd7ef2f104749ada5e34f146e",
                "shasum": ""
            },
            "require": {
                "illuminate/contracts": "5.0.*",
                "php": ">=5.4.0"
            },
            "type": "library",
            "extra": {
                "branch-alias": {
                    "dev-master": "5.0-dev"
                }
            },
            "autoload": {
                "psr-4": {
                    "Illuminate\\Container\\": ""
                }
            },
            "notification-url": "https://packagist.org/downloads/",
            "license": [
                "MIT"
            ],
            "authors": [
                {
                    "name": "Taylor Otwell",
                    "email": "taylorotwell@gmail.com"
                }
            ],
            "description": "The Illuminate Container package.",
            "homepage": "http://laravel.com",
            "time": "2015-03-25 17:06:14"
        },
        {
            "name": "illuminate/contracts",
            "version": "v5.0.0",
            "source": {
                "type": "git",
                "url": "https://github.com/illuminate/contracts.git",
                "reference": "78f1dba092d5fcb6d3a19537662abe31c4d128fd"
            },
            "dist": {
                "type": "zip",
                "url": "https://api.github.com/repos/illuminate/contracts/zipball/78f1dba092d5fcb6d3a19537662abe31c4d128fd",
                "reference": "78f1dba092d5fcb6d3a19537662abe31c4d128fd",
                "shasum": ""
            },
            "require": {
                "php": ">=5.4.0"
            },
            "type": "library",
            "extra": {
                "branch-alias": {
                    "dev-master": "5.0-dev"
                }
            },
            "autoload": {
                "psr-4": {
                    "Illuminate\\Contracts\\": ""
                }
            },
            "notification-url": "https://packagist.org/downloads/",
            "license": [
                "MIT"
            ],
            "authors": [
                {
                    "name": "Taylor Otwell",
                    "email": "taylorotwell@gmail.com"
                }
            ],
            "description": "The Illuminate Contracts package.",
            "time": "2015-01-30 16:27:08"
        },
        {
            "name": "illuminate/database",
            "version": "v5.0.28",
            "source": {
                "type": "git",
                "url": "https://github.com/illuminate/database.git",
                "reference": "dd7bd24a0240607e1de36cfe8d43335653d1536c"
            },
            "dist": {
                "type": "zip",
                "url": "https://api.github.com/repos/illuminate/database/zipball/dd7bd24a0240607e1de36cfe8d43335653d1536c",
                "reference": "dd7bd24a0240607e1de36cfe8d43335653d1536c",
                "shasum": ""
            },
            "require": {
                "illuminate/container": "5.0.*",
                "illuminate/contracts": "5.0.*",
                "illuminate/support": "5.0.*",
                "nesbot/carbon": "~1.0",
                "php": ">=5.4.0"
            },
            "suggest": {
                "doctrine/dbal": "Required to rename columns and drop SQLite columns (~2.4).",
                "illuminate/console": "Required to use the database commands (5.0.*).",
                "illuminate/events": "Required to use the observers with Eloquent (5.0.*).",
                "illuminate/filesystem": "Required to use the migrations (5.0.*)."
            },
            "type": "library",
            "extra": {
                "branch-alias": {
                    "dev-master": "5.0-dev"
                }
            },
            "autoload": {
                "psr-4": {
                    "Illuminate\\Database\\": ""
                }
            },
            "notification-url": "https://packagist.org/downloads/",
            "license": [
                "MIT"
            ],
            "authors": [
                {
                    "name": "Taylor Otwell",
                    "email": "taylorotwell@gmail.com"
                }
            ],
            "description": "The Illuminate Database package.",
            "homepage": "http://laravel.com",
            "keywords": [
                "database",
                "laravel",
                "orm",
                "sql"
            ],
            "time": "2015-04-19 09:23:09"
        },
        {
            "name": "illuminate/support",
            "version": "v5.0.28",
            "source": {
                "type": "git",
                "url": "https://github.com/illuminate/support.git",
                "reference": "b6d68e1f2a7053bf4c755c5e6b15fcfb700e14e7"
            },
            "dist": {
                "type": "zip",
                "url": "https://api.github.com/repos/illuminate/support/zipball/b6d68e1f2a7053bf4c755c5e6b15fcfb700e14e7",
                "reference": "b6d68e1f2a7053bf4c755c5e6b15fcfb700e14e7",
                "shasum": ""
            },
            "require": {
                "danielstjules/stringy": "~1.8",
                "doctrine/inflector": "~1.0",
                "ext-mbstring": "*",
                "illuminate/contracts": "5.0.*",
                "php": ">=5.4.0"
            },
            "suggest": {
                "jeremeamia/superclosure": "Required to be able to serialize closures (~2.0)."
            },
            "type": "library",
            "extra": {
                "branch-alias": {
                    "dev-master": "5.0-dev"
                }
            },
            "autoload": {
                "psr-4": {
                    "Illuminate\\Support\\": ""
                },
                "files": [
                    "helpers.php"
                ]
            },
            "notification-url": "https://packagist.org/downloads/",
            "license": [
                "MIT"
            ],
            "authors": [
                {
                    "name": "Taylor Otwell",
                    "email": "taylorotwell@gmail.com"
                }
            ],
            "description": "The Illuminate Support package.",
            "homepage": "http://laravel.com",
            "time": "2015-04-15 19:26:55"
        },
        {
            "name": "nesbot/carbon",
            "version": "1.18.0",
            "source": {
                "type": "git",
                "url": "https://github.com/briannesbitt/Carbon.git",
                "reference": "99e2f69f7bdc2cc4334b2d00f1e0ba450623ea36"
            },
            "dist": {
                "type": "zip",
                "url": "https://api.github.com/repos/briannesbitt/Carbon/zipball/99e2f69f7bdc2cc4334b2d00f1e0ba450623ea36",
                "reference": "99e2f69f7bdc2cc4334b2d00f1e0ba450623ea36",
                "shasum": ""
            },
            "require": {
                "php": ">=5.3.0",
                "symfony/translation": "2.6.*"
            },
            "require-dev": {
                "phpunit/phpunit": "~4.0"
            },
            "type": "library",
            "autoload": {
                "psr-0": {
                    "Carbon": "src"
                }
            },
            "notification-url": "https://packagist.org/downloads/",
            "license": [
                "MIT"
            ],
            "authors": [
                {
                    "name": "Brian Nesbitt",
                    "email": "brian@nesbot.com",
                    "homepage": "http://nesbot.com"
                }
            ],
            "description": "A simple API extension for DateTime.",
            "homepage": "http://carbon.nesbot.com",
            "keywords": [
                "date",
                "datetime",
                "time"
            ],
            "time": "2015-03-26 03:05:57"
        },
        {
            "name": "rydurham/sentinel",
            "version": "v2.1.6",
            "source": {
                "type": "git",
                "url": "https://github.com/rydurham/Sentinel.git",
                "reference": "9e33d41f801c9916975b76c57c85977f45c25863"
            },
            "dist": {
                "type": "zip",
                "url": "https://api.github.com/repos/rydurham/Sentinel/zipball/9e33d41f801c9916975b76c57c85977f45c25863",
                "reference": "9e33d41f801c9916975b76c57c85977f45c25863",
                "shasum": ""
            },
            "require": {
                "cartalyst/sentry": "~2.1",
                "illuminate/contracts": "5.0.*@dev",
                "illuminate/support": "~5",
                "php": ">=5.4.0",
                "vinkla/hashids": "~1.0"
            },
            "require-dev": {
                "mockery/mockery": "0.9.*",
                "orchestra/testbench": "~3.0",
                "phpunit/phpunit": "~4.0"
            },
            "type": "library",
            "autoload": {
                "classmap": [
                    "src/seeds",
                    "src/controllers"
                ],
                "psr-4": {
                    "Sentinel\\": "src/Sentinel"
                }
            },
            "notification-url": "https://packagist.org/downloads/",
            "license": [
                "BSD-3-Clause"
            ],
            "authors": [
                {
                    "name": "Ryan Durham",
                    "email": "ryan@stagerightlabs.com",
                    "homepage": "http://stagerightlabs.com"
                }
            ],
            "description": "An implementation of the Sentry User Manager for Laravel.",
            "keywords": [
                "auth",
                "laravel",
                "sentry"
            ],
            "time": "2015-04-03 03:00:15"
        },
        {
            "name": "symfony/translation",
            "version": "v2.6.6",
            "target-dir": "Symfony/Component/Translation",
            "source": {
                "type": "git",
                "url": "https://github.com/symfony/Translation.git",
                "reference": "bd939f05cdaca128f4ddbae1b447d6f0203b60af"
            },
            "dist": {
                "type": "zip",
                "url": "https://api.github.com/repos/symfony/Translation/zipball/bd939f05cdaca128f4ddbae1b447d6f0203b60af",
                "reference": "bd939f05cdaca128f4ddbae1b447d6f0203b60af",
                "shasum": ""
            },
            "require": {
                "php": ">=5.3.3"
            },
            "require-dev": {
                "psr/log": "~1.0",
                "symfony/config": "~2.3,>=2.3.12",
                "symfony/intl": "~2.3",
                "symfony/phpunit-bridge": "~2.7",
                "symfony/yaml": "~2.2"
            },
            "suggest": {
                "psr/log": "To use logging capability in translator",
                "symfony/config": "",
                "symfony/yaml": ""
            },
            "type": "library",
            "extra": {
                "branch-alias": {
                    "dev-master": "2.6-dev"
                }
            },
            "autoload": {
                "psr-0": {
                    "Symfony\\Component\\Translation\\": ""
                }
            },
            "notification-url": "https://packagist.org/downloads/",
            "license": [
                "MIT"
            ],
            "authors": [
                {
                    "name": "Symfony Community",
                    "homepage": "http://symfony.com/contributors"
                },
                {
                    "name": "Fabien Potencier",
                    "email": "fabien@symfony.com"
                }
            ],
            "description": "Symfony Translation Component",
            "homepage": "http://symfony.com",
            "time": "2015-03-30 15:54:10"
        },
        {
            "name": "vinkla/hashids",
            "version": "1.0.0",
            "source": {
                "type": "git",
                "url": "https://github.com/vinkla/hashids.git",
                "reference": "0b76f82e54ab071d06de4895107aab90bb308481"
            },
            "dist": {
                "type": "zip",
                "url": "https://api.github.com/repos/vinkla/hashids/zipball/0b76f82e54ab071d06de4895107aab90bb308481",
                "reference": "0b76f82e54ab071d06de4895107aab90bb308481",
                "shasum": ""
            },
            "require": {
                "graham-campbell/manager": "~2.0",
                "hashids/hashids": "~1.0",
                "illuminate/contracts": "~5.0",
                "illuminate/support": "~5.0",
                "php": ">=5.4.7"
            },
            "require-dev": {
                "graham-campbell/testbench": "~2.0"
            },
            "type": "library",
            "extra": {
                "branch-alias": {
                    "dev-master": "1.0-dev"
                }
            },
            "autoload": {
                "psr-4": {
                    "Vinkla\\Hashids\\": "src/"
                }
            },
            "notification-url": "https://packagist.org/downloads/",
            "license": [
                "MIT"
            ],
            "authors": [
                {
                    "name": "Vincent Klaiber",
                    "email": "me@vinkla.com",
                    "homepage": "http://vinkla.com"
                }
            ],
            "description": "Laravel 5 wrapper for the Hashids API.",
            "homepage": "https://github.com/vinkla/hashids",
            "keywords": [
                "bitly",
                "decrypt",
                "encrypt",
                "hash",
                "hashid",
                "hashids",
                "ids",
                "laravel",
                "obfuscate",
                "youtube"
            ],
            "time": "2015-02-05 18:01:41"
        }
    ],
    "packages-dev": [],
    "aliases": [],
    "minimum-stability": "dev",
    "stability-flags": [],
    "prefer-stable": true,
    "prefer-lowest": false,
    "platform": {
        "php": ">=5.4.0"
    },
    "platform-dev": []
}
